// !$*UTF8*$!
{
	archiveVersion = 1;
	classes = {
	};
	objectVersion = 46;
	objects = {

/* Begin PBXFileReference section */
		F905D4331A58F8C5004AE5BB /* zombieattack3.py */ = {isa = PBXFileReference; fileEncoding = 4; lastKnownFileType = text.script.python; path = zombieattack3.py; sourceTree = "<group>"; };
		F905D4341A590080004AE5BB /* gamesetup.py */ = {isa = PBXFileReference; fileEncoding = 4; lastKnownFileType = text.script.python; path = gamesetup.py; sourceTree = "<group>"; };
		F905D4351A590092004AE5BB /* za3gui.py */ = {isa = PBXFileReference; fileEncoding = 4; lastKnownFileType = text.script.python; path = za3gui.py; sourceTree = "<group>"; };
		F905D4361A59009F004AE5BB /* za3brain.py */ = {isa = PBXFileReference; fileEncoding = 4; lastKnownFileType = text.script.python; path = za3brain.py; sourceTree = "<group>"; };
		F905D4371A5900AA004AE5BB /* webspread.py */ = {isa = PBXFileReference; fileEncoding = 4; lastKnownFileType = text.script.python; path = webspread.py; sourceTree = "<group>"; };
/* End PBXFileReference section */

/* Begin PBXGroup section */
		F905D4281A58F84D004AE5BB = {
			isa = PBXGroup;
			children = (
				F905D4331A58F8C5004AE5BB /* zombieattack3.py */,
				F905D4371A5900AA004AE5BB /* webspread.py */,
				F905D4361A59009F004AE5BB /* za3brain.py */,
				F905D4351A590092004AE5BB /* za3gui.py */,
				F905D4341A590080004AE5BB /* gamesetup.py */,
			);
			sourceTree = "<group>";
		};
/* End PBXGroup section */

/* Begin PBXLegacyTarget section */
		F905D42D1A58F84D004AE5BB /* ZA3 */ = {
			isa = PBXLegacyTarget;
			buildArgumentsString = "$(ACTION)";
			buildConfigurationList = F905D4301A58F84D004AE5BB /* Build configuration list for PBXLegacyTarget "ZA3" */;
			buildPhases = (
			);
			buildToolPath = /usr/bin/python;
			dependencies = (
			);
			name = ZA3;
			passBuildSettingsInEnvironment = 1;
			productName = ZA3;
		};
/* End PBXLegacyTarget section */

/* Begin PBXProject section */
		F905D4291A58F84D004AE5BB /* Project object */ = {
			isa = PBXProject;
			attributes = {
				LastUpgradeCheck = 0610;
				ORGANIZATIONNAME = xwillis;
				TargetAttributes = {
					F905D42D1A58F84D004AE5BB = {
						CreatedOnToolsVersion = 6.1.1;
					};
				};
			};
			buildConfigurationList = F905D42C1A58F84D004AE5BB /* Build configuration list for PBXProject "ZA3" */;
			compatibilityVersion = "Xcode 3.2";
			developmentRegion = English;
			hasScannedForEncodings = 0;
			knownRegions = (
				en,
			);
			mainGroup = F905D4281A58F84D004AE5BB;
			projectDirPath = "";
			projectRoot = "";
			targets = (
				F905D42D1A58F84D004AE5BB /* ZA3 */,
			);
		};
/* End PBXProject section */

/* Begin XCBuildConfiguration section */
		F905D42E1A58F84D004AE5BB /* Debug */ = {
			isa = XCBuildConfiguration;
			buildSettings = {
				ALWAYS_SEARCH_USER_PATHS = NO;
				CLANG_CXX_LANGUAGE_STANDARD = "gnu++0x";
				CLANG_CXX_LIBRARY = "libc++";
				CLANG_ENABLE_MODULES = YES;
				CLANG_ENABLE_OBJC_ARC = YES;
				CLANG_WARN_BOOL_CONVERSION = YES;
				CLANG_WARN_CONSTANT_CONVERSION = YES;
				CLANG_WARN_DIRECT_OBJC_ISA_USAGE = YES_ERROR;
				CLANG_WARN_EMPTY_BODY = YES;
				CLANG_WARN_ENUM_CONVERSION = YES;
				CLANG_WARN_INT_CONVERSION = YES;
				CLANG_WARN_OBJC_ROOT_CLASS = YES_ERROR;
				CLANG_WARN_UNREACHABLE_CODE = YES;
				CLANG_WARN__DUPLICATE_METHOD_MATCH = YES;
				COPY_PHASE_STRIP = NO;
				ENABLE_STRICT_OBJC_MSGSEND = YES;
				GCC_C_LANGUAGE_STANDARD = gnu99;
				GCC_DYNAMIC_NO_PIC = NO;
				GCC_OPTIMIZATION_LEVEL = 0;
				GCC_PREPROCESSOR_DEFINITIONS = (
					"DEBUG=1",
					"$(inherited)",
				);
				GCC_SYMBOLS_PRIVATE_EXTERN = NO;
				GCC_WARN_64_TO_32_BIT_CONVERSION = YES;
				GCC_WARN_ABOUT_RETURN_TYPE = YES_ERROR;
				GCC_WARN_UNDECLARED_SELECTOR = YES;
				GCC_WARN_UNINITIALIZED_AUTOS = YES_AGGRESSIVE;
				GCC_WARN_UNUSED_FUNCTION = YES;
				GCC_WARN_UNUSED_VARIABLE = YES;
				MACOSX_DEPLOYMENT_TARGET = 10.10;
				MTL_ENABLE_DEBUG_INFO = YES;
				ONLY_ACTIVE_ARCH = YES;
				SDKROOT = macosx;
			};
			name = Debug;
		};
		F905D42F1A58F84D004AE5BB /* Release */ = {
			isa = XCBuildConfiguration;
			buildSettings = {
				ALWAYS_SEARCH_USER_PATHS = NO;
				CLANG_CXX_LANGUAGE_STANDARD = "gnu++0x";
				CLANG_CXX_LIBRARY = "libc++";
				CLANG_ENABLE_MODULES = YES;
				CLANG_ENABLE_OBJC_ARC = YES;
				CLANG_WARN_BOOL_CONVERSION = YES;
				CLANG_WARN_CONSTANT_CONVERSION = YES;
				CLANG_WARN_DIRECT_OBJC_ISA_USAGE = YES_ERROR;
				CLANG_WARN_EMPTY_BODY = YES;
				CLANG_WARN_ENUM_CONVERSION = YES;
				CLANG_WARN_INT_CONVERSION = YES;
				CLANG_WARN_OBJC_ROOT_CLASS = YES_ERROR;
				CLANG_WARN_UNREACHABLE_CODE = YES;
				CLANG_WARN__DUPLICATE_METHOD_MATCH = YES;
				COPY_PHASE_STRIP = YES;
				DEBUG_INFORMATION_FORMAT = "dwarf-with-dsym";
				ENABLE_NS_ASSERTIONS = NO;
				ENABLE_STRICT_OBJC_MSGSEND = YES;
				GCC_C_LANGUAGE_STANDARD = gnu99;
				GCC_WARN_64_TO_32_BIT_CONVERSION = YES;
				GCC_WARN_ABOUT_RETURN_TYPE = YES_ERROR;
				GCC_WARN_UNDECLARED_SELECTOR = YES;
				GCC_WARN_UNINITIALIZED_AUTOS = YES_AGGRESSIVE;
				GCC_WARN_UNUSED_FUNCTION = YES;
				GCC_WARN_UNUSED_VARIABLE = YES;
				MACOSX_DEPLOYMENT_TARGET = 10.10;
				MTL_ENABLE_DEBUG_INFO = NO;
				SDKROOT = macosx;
			};
			name = Release;
		};
		F905D4311A58F84D004AE5BB /* Debug */ = {
			isa = XCBuildConfiguration;
			buildSettings = {
				DEBUGGING_SYMBOLS = YES;
				GCC_GENERATE_DEBUGGING_SYMBOLS = YES;
				GCC_OPTIMIZATION_LEVEL = 0;
				OTHER_CFLAGS = "";
				OTHER_LDFLAGS = "";
				PRODUCT_NAME = "$(TARGET_NAME)";
			};
			name = Debug;
		};
		F905D4321A58F84D004AE5BB /* Release */ = {
			isa = XCBuildConfiguration;
			buildSettings = {
				OTHER_CFLAGS = "";
				OTHER_LDFLAGS = "";
				PRODUCT_NAME = "$(TARGET_NAME)";
			};
			name = Release;
		};
/* End XCBuildConfiguration section */

/* Begin XCConfigurationList section */
		F905D42C1A58F84D004AE5BB /* Build configuration list for PBXProject "ZA3" */ = {
			isa = XCConfigurationList;
			buildConfigurations = (
				F905D42E1A58F84D004AE5BB /* Debug */,
				F905D42F1A58F84D004AE5BB /* Release */,
			);
			defaultConfigurationIsVisible = 0;
			defaultConfigurationName = Release;
		};
		F905D4301A58F84D004AE5BB /* Build configuration list for PBXLegacyTarget "ZA3" */ = {
			isa = XCConfigurationList;
			buildConfigurations = (
				F905D4311A58F84D004AE5BB /* Debug */,
				F905D4321A58F84D004AE5BB /* Release */,
			);
			defaultConfigurationIsVisible = 0;
		};
/* End XCConfigurationList section */
	};
	rootObject = F905D4291A58F84D004AE5BB /* Project object */;
}
